
Microsoft Visual Studio Solution File, Format Version 12.00
# Visual Studio Version 16
VisualStudioVersion = 16.0.30717.126
MinimumVisualStudioVersion = 10.0.40219.1
Project("{FAE04EC0-301F-11D3-BF4B-00C04F79EFBC}") = "WinformUI", "WinformUI\WinformUI.csproj", "{0F4E0B98-FE32-46CF-840E-D731CFB1788F}"
EndProject
Project("{9A19103F-16F7-4668-BE54-9A1E7A4F7556}") = "DataAccess", "DataAccess\DataAccess.csproj", "{778C11C1-44AC-496F-9077-E00BB8CBF747}"
EndProject
Project("{9A19103F-16F7-4668-BE54-9A1E7A4F7556}") = "AppFeatures", "AppFeatures\AppFeatures.csproj", "{ADDDFC6C-675E-46B1-91C7-C52D57D3C227}"
EndProject
Project("{FAE04EC0-301F-11D3-BF4B-00C04F79EFBC}") = "AppFeatures.Tests", "AppFeatures.Tests\AppFeatures.Tests.csproj", "{F4FD141F-D060-4611-895C-4224B4099681}"
EndProject
Global
	GlobalSection(SolutionConfigurationPlatforms) = preSolution
		Debug|Any CPU = Debug|Any CPU
		Release|Any CPU = Release|Any CPU
	EndGlobalSection
	GlobalSection(ProjectConfigurationPlatforms) = postSolution
		{0F4E0B98-FE32-46CF-840E-D731CFB1788F}.Debug|Any CPU.ActiveCfg = Debug|Any CPU
		{0F4E0B98-FE32-46CF-840E-D731CFB1788F}.Debug|Any CPU.Build.0 = Debug|Any CPU
		{0F4E0B98-FE32-46CF-840E-D731CFB1788F}.Release|Any CPU.ActiveCfg = Release|Any CPU
		{0F4E0B98-FE32-46CF-840E-D731CFB1788F}.Release|Any CPU.Build.0 = Release|Any CPU
		{778C11C1-44AC-496F-9077-E00BB8CBF747}.Debug|Any CPU.ActiveCfg = Debug|Any CPU
		{778C11C1-44AC-496F-9077-E00BB8CBF747}.Debug|Any CPU.Build.0 = Debug|Any CPU
		{778C11C1-44AC-496F-9077-E00BB8CBF747}.Release|Any CPU.ActiveCfg = Release|Any CPU
		{778C11C1-44AC-496F-9077-E00BB8CBF747}.Release|Any CPU.Build.0 = Release|Any CPU
		{ADDDFC6C-675E-46B1-91C7-C52D57D3C227}.Debug|Any CPU.ActiveCfg = Debug|Any CPU
		{ADDDFC6C-675E-46B1-91C7-C52D57D3C227}.Debug|Any CPU.Build.0 = Debug|Any CPU
		{ADDDFC6C-675E-46B1-91C7-C52D57D3C227}.Release|Any CPU.ActiveCfg = Release|Any CPU
		{ADDDFC6C-675E-46B1-91C7-C52D57D3C227}.Release|Any CPU.Build.0 = Release|Any CPU
		{F4FD141F-D060-4611-895C-4224B4099681}.Debug|Any CPU.ActiveCfg = Debug|Any CPU
		{F4FD141F-D060-4611-895C-4224B4099681}.Debug|Any CPU.Build.0 = Debug|Any CPU
		{F4FD141F-D060-4611-895C-4224B4099681}.Release|Any CPU.ActiveCfg = Release|Any CPU
		{F4FD141F-D060-4611-895C-4224B4099681}.Release|Any CPU.Build.0 = Release|Any CPU
	EndGlobalSection
	GlobalSection(SolutionProperties) = preSolution
		HideSolutionNode = FALSE
	EndGlobalSection
	GlobalSection(ExtensibilityGlobals) = postSolution
		SolutionGuid = {F815913B-CFF9-482E-824A-373A50BF4E31}
	EndGlobalSection
EndGlobal
